{
  "name": "ResCanvas",
  "lockfileVersion": 3,
  "requires": true,
  "packages": {
    "": {
      "dependencies": {
        "resvault-sdk": "^1.0.3"
      }
    },
    "node_modules/resvault-sdk": {
      "version": "1.0.3",
      "resolved": "https://registry.npmjs.org/resvault-sdk/-/resvault-sdk-1.0.3.tgz",
      "integrity": "sha512-pa56eYGaVmCq+XT/rIYAqxCA7F+u3RQuYFp25z0m9SdII5cgs8sc1wY0YGgxCEgsfcjKNt1sK3cXfE6XzbPADA==",
      "license": "Apache-2.0"
    }
  }
}
